
Microsoft Visual Studio Solution File, Format Version 12.00
# Visual Studio 15
VisualStudioVersion = 15.0.26124.0
MinimumVisualStudioVersion = 15.0.26124.0
Project("{FAE04EC0-301F-11D3-BF4B-00C04F79EFBC}") = "GameTop", "GameTop\GameTop.csproj", "{70F96C95-2B70-45D3-92FF-0D5FFD6518BD}"
EndProject
Project("{FAE04EC0-301F-11D3-BF4B-00C04F79EFBC}") = "GameTop.Lib", "GameTop.Lib\GameTop.Lib.csproj", "{4BCE663D-3089-408C-9ED9-5A6586CA9F0F}"
EndProject
Project("{FAE04EC0-301F-11D3-BF4B-00C04F79EFBC}") = "GameTop.Interface", "GameTop.Interface\GameTop.Interface.csproj", "{1A671589-7D10-4ABA-B45E-F10894E94582}"
EndProject
Global
	GlobalSection(SolutionConfigurationPlatforms) = preSolution
		Debug|Any CPU = Debug|Any CPU
		Debug|x64 = Debug|x64
		Debug|x86 = Debug|x86
		Release|Any CPU = Release|Any CPU
		Release|x64 = Release|x64
		Release|x86 = Release|x86
	EndGlobalSection
	GlobalSection(SolutionProperties) = preSolution
		HideSolutionNode = FALSE
	EndGlobalSection
	GlobalSection(ProjectConfigurationPlatforms) = postSolution
		{70F96C95-2B70-45D3-92FF-0D5FFD6518BD}.Debug|Any CPU.ActiveCfg = Debug|Any CPU
		{70F96C95-2B70-45D3-92FF-0D5FFD6518BD}.Debug|Any CPU.Build.0 = Debug|Any CPU
		{70F96C95-2B70-45D3-92FF-0D5FFD6518BD}.Debug|x64.ActiveCfg = Debug|Any CPU
		{70F96C95-2B70-45D3-92FF-0D5FFD6518BD}.Debug|x64.Build.0 = Debug|Any CPU
		{70F96C95-2B70-45D3-92FF-0D5FFD6518BD}.Debug|x86.ActiveCfg = Debug|Any CPU
		{70F96C95-2B70-45D3-92FF-0D5FFD6518BD}.Debug|x86.Build.0 = Debug|Any CPU
		{70F96C95-2B70-45D3-92FF-0D5FFD6518BD}.Release|Any CPU.ActiveCfg = Release|Any CPU
		{70F96C95-2B70-45D3-92FF-0D5FFD6518BD}.Release|Any CPU.Build.0 = Release|Any CPU
		{70F96C95-2B70-45D3-92FF-0D5FFD6518BD}.Release|x64.ActiveCfg = Release|Any CPU
		{70F96C95-2B70-45D3-92FF-0D5FFD6518BD}.Release|x64.Build.0 = Release|Any CPU
		{70F96C95-2B70-45D3-92FF-0D5FFD6518BD}.Release|x86.ActiveCfg = Release|Any CPU
		{70F96C95-2B70-45D3-92FF-0D5FFD6518BD}.Release|x86.Build.0 = Release|Any CPU
		{4BCE663D-3089-408C-9ED9-5A6586CA9F0F}.Debug|Any CPU.ActiveCfg = Debug|Any CPU
		{4BCE663D-3089-408C-9ED9-5A6586CA9F0F}.Debug|Any CPU.Build.0 = Debug|Any CPU
		{4BCE663D-3089-408C-9ED9-5A6586CA9F0F}.Debug|x64.ActiveCfg = Debug|Any CPU
		{4BCE663D-3089-408C-9ED9-5A6586CA9F0F}.Debug|x64.Build.0 = Debug|Any CPU
		{4BCE663D-3089-408C-9ED9-5A6586CA9F0F}.Debug|x86.ActiveCfg = Debug|Any CPU
		{4BCE663D-3089-408C-9ED9-5A6586CA9F0F}.Debug|x86.Build.0 = Debug|Any CPU
		{4BCE663D-3089-408C-9ED9-5A6586CA9F0F}.Release|Any CPU.ActiveCfg = Release|Any CPU
		{4BCE663D-3089-408C-9ED9-5A6586CA9F0F}.Release|Any CPU.Build.0 = Release|Any CPU
		{4BCE663D-3089-408C-9ED9-5A6586CA9F0F}.Release|x64.ActiveCfg = Release|Any CPU
		{4BCE663D-3089-408C-9ED9-5A6586CA9F0F}.Release|x64.Build.0 = Release|Any CPU
		{4BCE663D-3089-408C-9ED9-5A6586CA9F0F}.Release|x86.ActiveCfg = Release|Any CPU
		{4BCE663D-3089-408C-9ED9-5A6586CA9F0F}.Release|x86.Build.0 = Release|Any CPU
		{1A671589-7D10-4ABA-B45E-F10894E94582}.Debug|Any CPU.ActiveCfg = Debug|Any CPU
		{1A671589-7D10-4ABA-B45E-F10894E94582}.Debug|Any CPU.Build.0 = Debug|Any CPU
		{1A671589-7D10-4ABA-B45E-F10894E94582}.Debug|x64.ActiveCfg = Debug|Any CPU
		{1A671589-7D10-4ABA-B45E-F10894E94582}.Debug|x64.Build.0 = Debug|Any CPU
		{1A671589-7D10-4ABA-B45E-F10894E94582}.Debug|x86.ActiveCfg = Debug|Any CPU
		{1A671589-7D10-4ABA-B45E-F10894E94582}.Debug|x86.Build.0 = Debug|Any CPU
		{1A671589-7D10-4ABA-B45E-F10894E94582}.Release|Any CPU.ActiveCfg = Release|Any CPU
		{1A671589-7D10-4ABA-B45E-F10894E94582}.Release|Any CPU.Build.0 = Release|Any CPU
		{1A671589-7D10-4ABA-B45E-F10894E94582}.Release|x64.ActiveCfg = Release|Any CPU
		{1A671589-7D10-4ABA-B45E-F10894E94582}.Release|x64.Build.0 = Release|Any CPU
		{1A671589-7D10-4ABA-B45E-F10894E94582}.Release|x86.ActiveCfg = Release|Any CPU
		{1A671589-7D10-4ABA-B45E-F10894E94582}.Release|x86.Build.0 = Release|Any CPU
	EndGlobalSection
EndGlobal
